
Microsoft Visual Studio Solution File, Format Version 12.00
# Visual Studio Version 17
VisualStudioVersion = 17.11.35327.3
MinimumVisualStudioVersion = 10.0.40219.1
Project("{8BC9CEB8-8B4A-11D0-8D11-00A0C91BC942}") = "Lab2.5HW", "Lab2.5HW\Lab2.5HW.vcxproj", "{9F2F7A38-5CE1-44E1-BD01-D60412EEBA98}"
EndProject
Global
	GlobalSection(SolutionConfigurationPlatforms) = preSolution
		Debug|x64 = Debug|x64
		Debug|x86 = Debug|x86
		Release|x64 = Release|x64
		Release|x86 = Release|x86
	EndGlobalSection
	GlobalSection(ProjectConfigurationPlatforms) = postSolution
		{9F2F7A38-5CE1-44E1-BD01-D60412EEBA98}.Debug|x64.ActiveCfg = Debug|x64
		{9F2F7A38-5CE1-44E1-BD01-D60412EEBA98}.Debug|x64.Build.0 = Debug|x64
		{9F2F7A38-5CE1-44E1-BD01-D60412EEBA98}.Debug|x86.ActiveCfg = Debug|Win32
		{9F2F7A38-5CE1-44E1-BD01-D60412EEBA98}.Debug|x86.Build.0 = Debug|Win32
		{9F2F7A38-5CE1-44E1-BD01-D60412EEBA98}.Release|x64.ActiveCfg = Release|x64
		{9F2F7A38-5CE1-44E1-BD01-D60412EEBA98}.Release|x64.Build.0 = Release|x64
		{9F2F7A38-5CE1-44E1-BD01-D60412EEBA98}.Release|x86.ActiveCfg = Release|Win32
		{9F2F7A38-5CE1-44E1-BD01-D60412EEBA98}.Release|x86.Build.0 = Release|Win32
	EndGlobalSection
	GlobalSection(SolutionProperties) = preSolution
		HideSolutionNode = FALSE
	EndGlobalSection
	GlobalSection(ExtensibilityGlobals) = postSolution
		SolutionGuid = {9B2F9E42-6C54-4E29-A437-33FA7D1BDB4E}
	EndGlobalSection
EndGlobal
