
Microsoft Visual Studio Solution File, Format Version 12.00
# Visual Studio Version 17
VisualStudioVersion = 17.11.35327.3
MinimumVisualStudioVersion = 10.0.40219.1
Project("{8BC9CEB8-8B4A-11D0-8D11-00A0C91BC942}") = "Lab3.2HW", "Lab3.2HW\Lab3.2HW.vcxproj", "{AE0DBCF9-6D64-4DD4-8CA3-90B623E33AD6}"
EndProject
Global
	GlobalSection(SolutionConfigurationPlatforms) = preSolution
		Debug|x64 = Debug|x64
		Debug|x86 = Debug|x86
		Release|x64 = Release|x64
		Release|x86 = Release|x86
	EndGlobalSection
	GlobalSection(ProjectConfigurationPlatforms) = postSolution
		{AE0DBCF9-6D64-4DD4-8CA3-90B623E33AD6}.Debug|x64.ActiveCfg = Debug|x64
		{AE0DBCF9-6D64-4DD4-8CA3-90B623E33AD6}.Debug|x64.Build.0 = Debug|x64
		{AE0DBCF9-6D64-4DD4-8CA3-90B623E33AD6}.Debug|x86.ActiveCfg = Debug|Win32
		{AE0DBCF9-6D64-4DD4-8CA3-90B623E33AD6}.Debug|x86.Build.0 = Debug|Win32
		{AE0DBCF9-6D64-4DD4-8CA3-90B623E33AD6}.Release|x64.ActiveCfg = Release|x64
		{AE0DBCF9-6D64-4DD4-8CA3-90B623E33AD6}.Release|x64.Build.0 = Release|x64
		{AE0DBCF9-6D64-4DD4-8CA3-90B623E33AD6}.Release|x86.ActiveCfg = Release|Win32
		{AE0DBCF9-6D64-4DD4-8CA3-90B623E33AD6}.Release|x86.Build.0 = Release|Win32
	EndGlobalSection
	GlobalSection(SolutionProperties) = preSolution
		HideSolutionNode = FALSE
	EndGlobalSection
	GlobalSection(ExtensibilityGlobals) = postSolution
		SolutionGuid = {FB0D68E5-67DD-4588-A9F4-C5F8D56B52A5}
	EndGlobalSection
EndGlobal
